<?xml version="1.0" encoding="utf-8"?>
<Project ToolsVersion="4.0" xmlns="http://schemas.microsoft.com/developer/msbuild/2003">
  <ItemGroup>
    <Filter Include="Source Files">
      <UniqueIdentifier>{4FC737F1-C7A5-4376-A066-2A32D752A2FF}</UniqueIdentifier>
      <Extensions>cpp;c;cc;cxx;def;odl;idl;hpj;bat;asm;asmx</Extensions>
    </Filter>
    <Filter Include="Header Files">
      <UniqueIdentifier>{93995380-89BD-4b04-88EB-625FBE52EBFB}</UniqueIdentifier>
      <Extensions>h;hh;hpp;hxx;hm;inl;inc;ipp;xsd</Extensions>
    </Filter>
    <Filter Include="Resource Files">
      <UniqueIdentifier>{67DA6AB6-F800-4c08-8B7A-83BB121AAD01}</UniqueIdentifier>
      <Extensions>rc;ico;cur;bmp;dlg;rc2;rct;bin;rgs;gif;jpg;jpeg;jpe;resx;tiff;tif;png;wav;mfcribbon-ms</Extensions>
    </Filter>
  </ItemGroup>
  <ItemGroup>
    <ClInclude Include="Game Files\SegaRacingClassic.h">
      <Filter>Header Files</Filter>
    </ClInclude>
    <ClInclude Include="Output Files\GameOutput.h">
      <Filter>Header Files</Filter>
    </ClInclude>
    <ClInclude Include="Output Files\Outputs.h">
      <Filter>Header Files</Filter>
    </ClInclude>
    <ClInclude Include="Output Files\WinOutputs.h">
      <Filter>Header Files</Filter>
    </ClInclude>
    <ClInclude Include="Common Files\Game.h">
      <Filter>Header Files</Filter>
    </ClInclude>
    <ClInclude Include="Common Files\CRCCheck.h">
      <Filter>Header Files</Filter>
    </ClInclude>
    <ClInclude Include="Game Files\AfterburnerClimax.h">
      <Filter>Header Files</Filter>
    </ClInclude>
    <ClInclude Include="Game Files\BattleGear4Tuned.h">
      <Filter>Header Files</Filter>
    </ClInclude>
    <ClInclude Include="Game Files\ChaseHQ2.h">
      <Filter>Header Files</Filter>
    </ClInclude>
    <ClInclude Include="Game Files\DaytonaChampionshipUSA.h">
      <Filter>Header Files</Filter>
    </ClInclude>
    <ClInclude Include="Game Files\GTIClubSuperminiFesta.h">
      <Filter>Header Files</Filter>
    </ClInclude>
    <ClInclude Include="Game Files\InitialD4.h">
      <Filter>Header Files</Filter>
    </ClInclude>
    <ClInclude Include="Game Files\InitialD4Japan.h">
      <Filter>Header Files</Filter>
    </ClInclude>
    <ClInclude Include="Game Files\InitialD5.h">
      <Filter>Header Files</Filter>
    </ClInclude>
    <ClInclude Include="Game Files\InitialD6.h">
      <Filter>Header Files</Filter>
    </ClInclude>
    <ClInclude Include="Game Files\InitialD7.h">
      <Filter>Header Files</Filter>
    </ClInclude>
    <ClInclude Include="Game Files\InitialD8.h">
      <Filter>Header Files</Filter>
    </ClInclude>
    <ClInclude Include="Game Files\LGI.h">
      <Filter>Header Files</Filter>
    </ClInclude>
    <ClInclude Include="Game Files\LGI3D.h">
      <Filter>Header Files</Filter>
    </ClInclude>
    <ClInclude Include="Game Files\Machstorm.h">
      <Filter>Header Files</Filter>
    </ClInclude>
    <ClInclude Include="Game Files\MarioKartGPDXJP1.10.h">
      <Filter>Header Files</Filter>
    </ClInclude>
    <ClInclude Include="Game Files\Outrun2SP.h">
      <Filter>Header Files</Filter>
    </ClInclude>
    <ClInclude Include="Game Files\SonicAllStarsRacing.h">
      <Filter>Header Files</Filter>
    </ClInclude>
    <ClInclude Include="Game Files\WackyRaces.h">
      <Filter>Header Files</Filter>
    </ClInclude>
    <ClInclude Include="Game Files\WMMT5.h">
      <Filter>Header Files</Filter>
    </ClInclude>
  </ItemGroup>
  <ItemGroup>
    <ClCompile Include="dllmain.cpp">
      <Filter>Source Files</Filter>
    </ClCompile>
    <ClCompile Include="Game Files\SegaRacingClassic.cpp">
      <Filter>Source Files</Filter>
    </ClCompile>
    <ClCompile Include="Output Files\Outputs.cpp">
      <Filter>Source Files</Filter>
    </ClCompile>
    <ClCompile Include="Output Files\WinOutputs.cpp">
      <Filter>Source Files</Filter>
    </ClCompile>
    <ClCompile Include="Common Files\Game.cpp">
      <Filter>Source Files</Filter>
    </ClCompile>
    <ClCompile Include="Game Files\AfterburnerClimax.cpp">
      <Filter>Source Files</Filter>
    </ClCompile>
    <ClCompile Include="Game Files\BattleGear4Tuned.cpp">
      <Filter>Source Files</Filter>
    </ClCompile>
    <ClCompile Include="Game Files\ChaseHQ2.cpp">
      <Filter>Source Files</Filter>
    </ClCompile>
    <ClCompile Include="Game Files\DaytonaChampionshipUSA.cpp">
      <Filter>Source Files</Filter>
    </ClCompile>
    <ClCompile Include="Game Files\GTIClubSuperminiFesta.cpp">
      <Filter>Source Files</Filter>
    </ClCompile>
    <ClCompile Include="Game Files\InitialD4.cpp">
      <Filter>Source Files</Filter>
    </ClCompile>
    <ClCompile Include="Game Files\InitialD4Japan.cpp">
      <Filter>Source Files</Filter>
    </ClCompile>
    <ClCompile Include="Game Files\InitialD5.cpp">
      <Filter>Source Files</Filter>
    </ClCompile>
    <ClCompile Include="Game Files\InitialD6.cpp">
      <Filter>Source Files</Filter>
    </ClCompile>
    <ClCompile Include="Game Files\InitialD7.cpp">
      <Filter>Source Files</Filter>
    </ClCompile>
    <ClCompile Include="Game Files\InitialD8.cpp">
      <Filter>Source Files</Filter>
    </ClCompile>
    <ClCompile Include="Game Files\LGI.cpp">
      <Filter>Source Files</Filter>
    </ClCompile>
    <ClCompile Include="Game Files\LGI3D.cpp">
      <Filter>Source Files</Filter>
    </ClCompile>
    <ClCompile Include="Game Files\Machstorm.cpp">
      <Filter>Source Files</Filter>
    </ClCompile>
    <ClCompile Include="Game Files\Outrun2SP.cpp">
      <Filter>Source Files</Filter>
    </ClCompile>
    <ClCompile Include="Game Files\SonicAllStarsRacing.cpp">
      <Filter>Source Files</Filter>
    </ClCompile>
    <ClCompile Include="Game Files\WackyRaces.cpp">
      <Filter>Source Files</Filter>
    </ClCompile>
    <ClCompile Include="Game Files\WMMT5.cpp">
      <Filter>Source Files</Filter>
    </ClCompile>
    <ClCompile Include="Game Files\MarioKartGPDXJP1.10.cpp">
      <Filter>Source Files</Filter>
    </ClCompile>
  </ItemGroup>
  <ItemGroup>
    <Text Include="LICENSE.txt" />
  </ItemGroup>
</Project>